// !$*UTF8*$!
{
	archiveVersion = 1;
	classes = {
	};
	objectVersion = 50;
	objects = {

/* Begin PBXBuildFile section */
		072F50A9242B18CD00F27C09 /* AppDelegate.swift in Sources */ = {isa = PBXBuildFile; fileRef = 072F50A8242B18CD00F27C09 /* AppDelegate.swift */; };
		072F50AB242B18CD00F27C09 /* SceneDelegate.swift in Sources */ = {isa = PBXBuildFile; fileRef = 072F50AA242B18CD00F27C09 /* SceneDelegate.swift */; };
		072F50AD242B18CD00F27C09 /* ViewController.swift in Sources */ = {isa = PBXBuildFile; fileRef = 072F50AC242B18CD00F27C09 /* ViewController.swift */; };
		072F50B0242B18CD00F27C09 /* Main.storyboard in Resources */ = {isa = PBXBuildFile; fileRef = 072F50AE242B18CD00F27C09 /* Main.storyboard */; };
		072F50B2242B18CE00F27C09 /* Assets.xcassets in Resources */ = {isa = PBXBuildFile; fileRef = 072F50B1242B18CE00F27C09 /* Assets.xcassets */; };
		072F50B5242B18CE00F27C09 /* LaunchScreen.storyboard in Resources */ = {isa = PBXBuildFile; fileRef = 072F50B3242B18CE00F27C09 /* LaunchScreen.storyboard */; };
/* End PBXBuildFile section */

/* Begin PBXFileReference section */
		072F50A5242B18CD00F27C09 /* TableDragAndDrop.app */ = {isa = PBXFileReference; explicitFileType = wrapper.application; includeInIndex = 0; path = TableDragAndDrop.app; sourceTree = BUILT_PRODUCTS_DIR; };
		072F50A8242B18CD00F27C09 /* AppDelegate.swift */ = {isa = PBXFileReference; lastKnownFileType = sourcecode.swift; path = AppDelegate.swift; sourceTree = "<group>"; };
		072F50AA242B18CD00F27C09 /* SceneDelegate.swift */ = {isa = PBXFileReference; lastKnownFileType = sourcecode.swift; path = SceneDelegate.swift; sourceTree = "<group>"; };
		072F50AC242B18CD00F27C09 /* ViewController.swift */ = {isa = PBXFileReference; lastKnownFileType = sourcecode.swift; path = ViewController.swift; sourceTree = "<group>"; };
		072F50AF242B18CD00F27C09 /* Base */ = {isa = PBXFileReference; lastKnownFileType = file.storyboard; name = Base; path = Base.lproj/Main.storyboard; sourceTree = "<group>"; };
		072F50B1242B18CE00F27C09 /* Assets.xcassets */ = {isa = PBXFileReference; lastKnownFileType = folder.assetcatalog; path = Assets.xcassets; sourceTree = "<group>"; };
		072F50B4242B18CE00F27C09 /* Base */ = {isa = PBXFileReference; lastKnownFileType = file.storyboard; name = Base; path = Base.lproj/LaunchScreen.storyboard; sourceTree = "<group>"; };
		072F50B6242B18CE00F27C09 /* Info.plist */ = {isa = PBXFileReference; lastKnownFileType = text.plist.xml; path = Info.plist; sourceTree = "<group>"; };
/* End PBXFileReference section */

/* Begin PBXFrameworksBuildPhase section */
		072F50A2242B18CD00F27C09 /* Frameworks */ = {
			isa = PBXFrameworksBuildPhase;
			buildActionMask = 2147483647;
			files = (
			);
			runOnlyForDeploymentPostprocessing = 0;
		};
/* End PBXFrameworksBuildPhase section */

/* Begin PBXGroup section */
		072F509C242B18CD00F27C09 = {
			isa = PBXGroup;
			children = (
				072F50A7242B18CD00F27C09 /* TableDragAndDrop */,
				072F50A6242B18CD00F27C09 /* Products */,
			);
			sourceTree = "<group>";
		};
		072F50A6242B18CD00F27C09 /* Products */ = {
			isa = PBXGroup;
			children = (
				072F50A5242B18CD00F27C09 /* TableDragAndDrop.app */,
			);
			name = Products;
			sourceTree = "<group>";
		};
		072F50A7242B18CD00F27C09 /* TableDragAndDrop */ = {
			isa = PBXGroup;
			children = (
				072F50A8242B18CD00F27C09 /* AppDelegate.swift */,
				072F50AA242B18CD00F27C09 /* SceneDelegate.swift */,
				072F50AC242B18CD00F27C09 /* ViewController.swift */,
				072F50AE242B18CD00F27C09 /* Main.storyboard */,
				072F50B1242B18CE00F27C09 /* Assets.xcassets */,
				072F50B3242B18CE00F27C09 /* LaunchScreen.storyboard */,
				072F50B6242B18CE00F27C09 /* Info.plist */,
			);
			path = TableDragAndDrop;
			sourceTree = "<group>";
		};
/* End PBXGroup section */

/* Begin PBXNativeTarget section */
		072F50A4242B18CD00F27C09 /* TableDragAndDrop */ = {
			isa = PBXNativeTarget;
			buildConfigurationList = 072F50B9242B18CE00F27C09 /* Build configuration list for PBXNativeTarget "TableDragAndDrop" */;
			buildPhases = (
				072F50A1242B18CD00F27C09 /* Sources */,
				072F50A2242B18CD00F27C09 /* Frameworks */,
				072F50A3242B18CD00F27C09 /* Resources */,
			);
			buildRules = (
			);
			dependencies = (
			);
			name = TableDragAndDrop;
			productName = TableDragAndDrop;
			productReference = 072F50A5242B18CD00F27C09 /* TableDragAndDrop.app */;
			productType = "com.apple.product-type.application";
		};
/* End PBXNativeTarget section */

/* Begin PBXProject section */
		072F509D242B18CD00F27C09 /* Project object */ = {
			isa = PBXProject;
			attributes = {
				LastSwiftUpdateCheck = 1130;
				LastUpgradeCheck = 1130;
				ORGANIZATIONNAME = viewmotion;
				TargetAttributes = {
					072F50A4242B18CD00F27C09 = {
						CreatedOnToolsVersion = 11.3.1;
					};
				};
			};
			buildConfigurationList = 072F50A0242B18CD00F27C09 /* Build configuration list for PBXProject "TableDragAndDrop" */;
			compatibilityVersion = "Xcode 9.3";
			developmentRegion = en;
			hasScannedForEncodings = 0;
			knownRegions = (
				en,
				Base,
			);
			mainGroup = 072F509C242B18CD00F27C09;
			productRefGroup = 072F50A6242B18CD00F27C09 /* Products */;
			projectDirPath = "";
			projectRoot = "";
			targets = (
				072F50A4242B18CD00F27C09 /* TableDragAndDrop */,
			);
		};
/* End PBXProject section */

/* Begin PBXResourcesBuildPhase section */
		072F50A3242B18CD00F27C09 /* Resources */ = {
			isa = PBXResourcesBuildPhase;
			buildActionMask = 2147483647;
			files = (
				072F50B5242B18CE00F27C09 /* LaunchScreen.storyboard in Resources */,
				072F50B2242B18CE00F27C09 /* Assets.xcassets in Resources */,
				072F50B0242B18CD00F27C09 /* Main.storyboard in Resources */,
			);
			runOnlyForDeploymentPostprocessing = 0;
		};
/* End PBXResourcesBuildPhase section */

/* Begin PBXSourcesBuildPhase section */
		072F50A1242B18CD00F27C09 /* Sources */ = {
			isa = PBXSourcesBuildPhase;
			buildActionMask = 2147483647;
			files = (
				072F50AD242B18CD00F27C09 /* ViewController.swift in Sources */,
				072F50A9242B18CD00F27C09 /* AppDelegate.swift in Sources */,
				072F50AB242B18CD00F27C09 /* SceneDelegate.swift in Sources */,
			);
			runOnlyForDeploymentPostprocessing = 0;
		};
/* End PBXSourcesBuildPhase section */

/* Begin PBXVariantGroup section */
		072F50AE242B18CD00F27C09 /* Main.storyboard */ = {
			isa = PBXVariantGroup;
			children = (
				072F50AF242B18CD00F27C09 /* Base */,
			);
			name = Main.storyboard;
			sourceTree = "<group>";
		};
		072F50B3242B18CE00F27C09 /* LaunchScreen.storyboard */ = {
			isa = PBXVariantGroup;
			children = (
				072F50B4242B18CE00F27C09 /* Base */,
			);
			name = LaunchScreen.storyboard;
			sourceTree = "<group>";
		};
/* End PBXVariantGroup section */

/* Begin XCBuildConfiguration section */
		072F50B7242B18CE00F27C09 /* Debug */ = {
			isa = XCBuildConfiguration;
			buildSettings = {
				ALWAYS_SEARCH_USER_PATHS = NO;
				CLANG_ANALYZER_NONNULL = YES;
				CLANG_ANALYZER_NUMBER_OBJECT_CONVERSION = YES_AGGRESSIVE;
				CLANG_CXX_LANGUAGE_STANDARD = "gnu++14";
				CLANG_CXX_LIBRARY = "libc++";
				CLANG_ENABLE_MODULES = YES;
				CLANG_ENABLE_OBJC_ARC = YES;
				CLANG_ENABLE_OBJC_WEAK = YES;
				CLANG_WARN_BLOCK_CAPTURE_AUTORELEASING = YES;
				CLANG_WARN_BOOL_CONVERSION = YES;
				CLANG_WARN_COMMA = YES;
				CLANG_WARN_CONSTANT_CONVERSION = YES;
				CLANG_WARN_DEPRECATED_OBJC_IMPLEMENTATIONS = YES;
				CLANG_WARN_DIRECT_OBJC_ISA_USAGE = YES_ERROR;
				CLANG_WARN_DOCUMENTATION_COMMENTS = YES;
				CLANG_WARN_EMPTY_BODY = YES;
				CLANG_WARN_ENUM_CONVERSION = YES;
				CLANG_WARN_INFINITE_RECURSION = YES;
				CLANG_WARN_INT_CONVERSION = YES;
				CLANG_WARN_NON_LITERAL_NULL_CONVERSION = YES;
				CLANG_WARN_OBJC_IMPLICIT_RETAIN_SELF = YES;
				CLANG_WARN_OBJC_LITERAL_CONVERSION = YES;
				CLANG_WARN_OBJC_ROOT_CLASS = YES_ERROR;
				CLANG_WARN_RANGE_LOOP_ANALYSIS = YES;
				CLANG_WARN_STRICT_PROTOTYPES = YES;
				CLANG_WARN_SUSPICIOUS_MOVE = YES;
				CLANG_WARN_UNGUARDED_AVAILABILITY = YES_AGGRESSIVE;
				CLANG_WARN_UNREACHABLE_CODE = YES;
				CLANG_WARN__DUPLICATE_METHOD_MATCH = YES;
				COPY_PHASE_STRIP = NO;
				DEBUG_INFORMATION_FORMAT = dwarf;
				ENABLE_STRICT_OBJC_MSGSEND = YES;
				ENABLE_TESTABILITY = YES;
				GCC_C_LANGUAGE_STANDARD = gnu11;
				GCC_DYNAMIC_NO_PIC = NO;
				GCC_NO_COMMON_BLOCKS = YES;
				GCC_OPTIMIZATION_LEVEL = 0;
				GCC_PREPROCESSOR_DEFINITIONS = (
					"DEBUG=1",
					"$(inherited)",
				);
				GCC_WARN_64_TO_32_BIT_CONVERSION = YES;
				GCC_WARN_ABOUT_RETURN_TYPE = YES_ERROR;
				GCC_WARN_UNDECLARED_SELECTOR = YES;
				GCC_WARN_UNINITIALIZED_AUTOS = YES_AGGRESSIVE;
				GCC_WARN_UNUSED_FUNCTION = YES;
				GCC_WARN_UNUSED_VARIABLE = YES;
				IPHONEOS_DEPLOYMENT_TARGET = 13.2;
				MTL_ENABLE_DEBUG_INFO = INCLUDE_SOURCE;
				MTL_FAST_MATH = YES;
				ONLY_ACTIVE_ARCH = YES;
				SDKROOT = iphoneos;
				SWIFT_ACTIVE_COMPILATION_CONDITIONS = DEBUG;
				SWIFT_OPTIMIZATION_LEVEL = "-Onone";
			};
			name = Debug;
		};
		072F50B8242B18CE00F27C09 /* Release */ = {
			isa = XCBuildConfiguration;
			buildSettings = {
				ALWAYS_SEARCH_USER_PATHS = NO;
				CLANG_ANALYZER_NONNULL = YES;
				CLANG_ANALYZER_NUMBER_OBJECT_CONVERSION = YES_AGGRESSIVE;
				CLANG_CXX_LANGUAGE_STANDARD = "gnu++14";
				CLANG_CXX_LIBRARY = "libc++";
				CLANG_ENABLE_MODULES = YES;
				CLANG_ENABLE_OBJC_ARC = YES;
				CLANG_ENABLE_OBJC_WEAK = YES;
				CLANG_WARN_BLOCK_CAPTURE_AUTORELEASING = YES;
				CLANG_WARN_BOOL_CONVERSION = YES;
				CLANG_WARN_COMMA = YES;
				CLANG_WARN_CONSTANT_CONVERSION = YES;
				CLANG_WARN_DEPRECATED_OBJC_IMPLEMENTATIONS = YES;
				CLANG_WARN_DIRECT_OBJC_ISA_USAGE = YES_ERROR;
				CLANG_WARN_DOCUMENTATION_COMMENTS = YES;
				CLANG_WARN_EMPTY_BODY = YES;
				CLANG_WARN_ENUM_CONVERSION = YES;
				CLANG_WARN_INFINITE_RECURSION = YES;
				CLANG_WARN_INT_CONVERSION = YES;
				CLANG_WARN_NON_LITERAL_NULL_CONVERSION = YES;
				CLANG_WARN_OBJC_IMPLICIT_RETAIN_SELF = YES;
				CLANG_WARN_OBJC_LITERAL_CONVERSION = YES;
				CLANG_WARN_OBJC_ROOT_CLASS = YES_ERROR;
				CLANG_WARN_RANGE_LOOP_ANALYSIS = YES;
				CLANG_WARN_STRICT_PROTOTYPES = YES;
				CLANG_WARN_SUSPICIOUS_MOVE = YES;
				CLANG_WARN_UNGUARDED_AVAILABILITY = YES_AGGRESSIVE;
				CLANG_WARN_UNREACHABLE_CODE = YES;
				CLANG_WARN__DUPLICATE_METHOD_MATCH = YES;
				COPY_PHASE_STRIP = NO;
				DEBUG_INFORMATION_FORMAT = "dwarf-with-dsym";
				ENABLE_NS_ASSERTIONS = NO;
				ENABLE_STRICT_OBJC_MSGSEND = YES;
				GCC_C_LANGUAGE_STANDARD = gnu11;
				GCC_NO_COMMON_BLOCKS = YES;
				GCC_WARN_64_TO_32_BIT_CONVERSION = YES;
				GCC_WARN_ABOUT_RETURN_TYPE = YES_ERROR;
				GCC_WARN_UNDECLARED_SELECTOR = YES;
				GCC_WARN_UNINITIALIZED_AUTOS = YES_AGGRESSIVE;
				GCC_WARN_UNUSED_FUNCTION = YES;
				GCC_WARN_UNUSED_VARIABLE = YES;
				IPHONEOS_DEPLOYMENT_TARGET = 13.2;
				MTL_ENABLE_DEBUG_INFO = NO;
				MTL_FAST_MATH = YES;
				SDKROOT = iphoneos;
				SWIFT_COMPILATION_MODE = wholemodule;
				SWIFT_OPTIMIZATION_LEVEL = "-O";
				VALIDATE_PRODUCT = YES;
			};
			name = Release;
		};
		072F50BA242B18CE00F27C09 /* Debug */ = {
			isa = XCBuildConfiguration;
			buildSettings = {
				ASSETCATALOG_COMPILER_APPICON_NAME = AppIcon;
				CODE_SIGN_STYLE = Automatic;
				DEVELOPMENT_TEAM = Z74XARAED7;
				INFOPLIST_FILE = TableDragAndDrop/Info.plist;
				LD_RUNPATH_SEARCH_PATHS = (
					"$(inherited)",
					"@executable_path/Frameworks",
				);
				PRODUCT_BUNDLE_IDENTIFIER = viewmotion.TableDragAndDrop;
				PRODUCT_NAME = "$(TARGET_NAME)";
				SWIFT_VERSION = 5.0;
				TARGETED_DEVICE_FAMILY = "1,2";
			};
			name = Debug;
		};
		072F50BB242B18CE00F27C09 /* Release */ = {
			isa = XCBuildConfiguration;
			buildSettings = {
				ASSETCATALOG_COMPILER_APPICON_NAME = AppIcon;
				CODE_SIGN_STYLE = Automatic;
				DEVELOPMENT_TEAM = Z74XARAED7;
				INFOPLIST_FILE = TableDragAndDrop/Info.plist;
				LD_RUNPATH_SEARCH_PATHS = (
					"$(inherited)",
					"@executable_path/Frameworks",
				);
				PRODUCT_BUNDLE_IDENTIFIER = viewmotion.TableDragAndDrop;
				PRODUCT_NAME = "$(TARGET_NAME)";
				SWIFT_VERSION = 5.0;
				TARGETED_DEVICE_FAMILY = "1,2";
			};
			name = Release;
		};
/* End XCBuildConfiguration section */

/* Begin XCConfigurationList section */
		072F50A0242B18CD00F27C09 /* Build configuration list for PBXProject "TableDragAndDrop" */ = {
			isa = XCConfigurationList;
			buildConfigurations = (
				072F50B7242B18CE00F27C09 /* Debug */,
				072F50B8242B18CE00F27C09 /* Release */,
			);
			defaultConfigurationIsVisible = 0;
			defaultConfigurationName = Release;
		};
		072F50B9242B18CE00F27C09 /* Build configuration list for PBXNativeTarget "TableDragAndDrop" */ = {
			isa = XCConfigurationList;
			buildConfigurations = (
				072F50BA242B18CE00F27C09 /* Debug */,
				072F50BB242B18CE00F27C09 /* Release */,
			);
			defaultConfigurationIsVisible = 0;
			defaultConfigurationName = Release;
		};
/* End XCConfigurationList section */
	};
	rootObject = 072F509D242B18CD00F27C09 /* Project object */;
}
